
Microsoft Visual Studio Solution File, Format Version 12.00
# Visual Studio Version 17
VisualStudioVersion = 17.13.35931.197
MinimumVisualStudioVersion = 10.0.40219.1
Project("{FAE04EC0-301F-11D3-BF4B-00C04F79EFBC}") = "WmsGfxSpriteEditor", "WmsGfxSpriteEditor\WmsGfxSpriteEditor.csproj", "{40015AA0-D904-4C3E-A6B8-2383EF59A260}"
EndProject
Project("{FAE04EC0-301F-11D3-BF4B-00C04F79EFBC}") = "WmsGfxSpriteEditor.Roms", "WmsGfxSpriteEditor.Roms\WmsGfxSpriteEditor.Roms.csproj", "{DE34BAEF-0C4B-43E3-9C9E-36288F04F9E1}"
EndProject
Project("{FAE04EC0-301F-11D3-BF4B-00C04F79EFBC}") = "WmsGfxSpriteEditor.Sprites", "WmsGfxSpriteEditor.Sprites\WmsGfxSpriteEditor.Sprites.csproj", "{92057856-1037-4D37-9B5C-88F1BCDF1BF0}"
EndProject
Project("{FAE04EC0-301F-11D3-BF4B-00C04F79EFBC}") = "WmsGfxSpriteEditor.Roms.Robotron2084", "WmsGfxSpriteEditor.Roms.Robotron2084\WmsGfxSpriteEditor.Roms.Robotron2084.csproj", "{DB954EFA-60A1-402E-9FC4-0DB706111EBD}"
EndProject
Project("{FAE04EC0-301F-11D3-BF4B-00C04F79EFBC}") = "WmsGfxSpriteEditor.Palettes", "WmsGfxSpriteEditor.Palettes\WmsGfxSpriteEditor.Palettes.csproj", "{AD4F0DD3-7B8C-4E02-8D10-F7AABC1D704D}"
EndProject
Project("{FAE04EC0-301F-11D3-BF4B-00C04F79EFBC}") = "WmsGfxSpriteEditor.History", "WmsGfxSpriteEditor.History\WmsGfxSpriteEditor.History.csproj", "{05BFD0BD-1623-40DE-A929-A80C7DFBB8A9}"
EndProject
Project("{54435603-DBB4-11D2-8724-00A0C9A8B90C}") = "WmsGfxSpriteEditor.Setup", "WmsGfxSpriteEditor.Setup\WmsGfxSpriteEditor.Setup.vdproj", "{1DE2BAB5-CF0F-169C-FEF5-D50B61FBC208}"
EndProject
Project("{2150E333-8FDC-42A3-9474-1A3956D46DE8}") = "Application", "Application", "{02EA681E-C7D8-13C7-8484-4AC65E1B71E8}"
EndProject
Project("{2150E333-8FDC-42A3-9474-1A3956D46DE8}") = "Setup", "Setup", "{CADCA356-F28D-4537-8456-F0EFA74C028A}"
EndProject
Global
	GlobalSection(SolutionConfigurationPlatforms) = preSolution
		Debug|Any CPU = Debug|Any CPU
		Release|Any CPU = Release|Any CPU
	EndGlobalSection
	GlobalSection(ProjectConfigurationPlatforms) = postSolution
		{40015AA0-D904-4C3E-A6B8-2383EF59A260}.Debug|Any CPU.ActiveCfg = Debug|Any CPU
		{40015AA0-D904-4C3E-A6B8-2383EF59A260}.Debug|Any CPU.Build.0 = Debug|Any CPU
		{40015AA0-D904-4C3E-A6B8-2383EF59A260}.Release|Any CPU.ActiveCfg = Release|Any CPU
		{40015AA0-D904-4C3E-A6B8-2383EF59A260}.Release|Any CPU.Build.0 = Release|Any CPU
		{DE34BAEF-0C4B-43E3-9C9E-36288F04F9E1}.Debug|Any CPU.ActiveCfg = Debug|Any CPU
		{DE34BAEF-0C4B-43E3-9C9E-36288F04F9E1}.Debug|Any CPU.Build.0 = Debug|Any CPU
		{DE34BAEF-0C4B-43E3-9C9E-36288F04F9E1}.Release|Any CPU.ActiveCfg = Release|Any CPU
		{DE34BAEF-0C4B-43E3-9C9E-36288F04F9E1}.Release|Any CPU.Build.0 = Release|Any CPU
		{92057856-1037-4D37-9B5C-88F1BCDF1BF0}.Debug|Any CPU.ActiveCfg = Debug|Any CPU
		{92057856-1037-4D37-9B5C-88F1BCDF1BF0}.Debug|Any CPU.Build.0 = Debug|Any CPU
		{92057856-1037-4D37-9B5C-88F1BCDF1BF0}.Release|Any CPU.ActiveCfg = Release|Any CPU
		{92057856-1037-4D37-9B5C-88F1BCDF1BF0}.Release|Any CPU.Build.0 = Release|Any CPU
		{DB954EFA-60A1-402E-9FC4-0DB706111EBD}.Debug|Any CPU.ActiveCfg = Debug|Any CPU
		{DB954EFA-60A1-402E-9FC4-0DB706111EBD}.Debug|Any CPU.Build.0 = Debug|Any CPU
		{DB954EFA-60A1-402E-9FC4-0DB706111EBD}.Release|Any CPU.ActiveCfg = Release|Any CPU
		{DB954EFA-60A1-402E-9FC4-0DB706111EBD}.Release|Any CPU.Build.0 = Release|Any CPU
		{AD4F0DD3-7B8C-4E02-8D10-F7AABC1D704D}.Debug|Any CPU.ActiveCfg = Debug|Any CPU
		{AD4F0DD3-7B8C-4E02-8D10-F7AABC1D704D}.Debug|Any CPU.Build.0 = Debug|Any CPU
		{AD4F0DD3-7B8C-4E02-8D10-F7AABC1D704D}.Release|Any CPU.ActiveCfg = Release|Any CPU
		{AD4F0DD3-7B8C-4E02-8D10-F7AABC1D704D}.Release|Any CPU.Build.0 = Release|Any CPU
		{05BFD0BD-1623-40DE-A929-A80C7DFBB8A9}.Debug|Any CPU.ActiveCfg = Debug|Any CPU
		{05BFD0BD-1623-40DE-A929-A80C7DFBB8A9}.Debug|Any CPU.Build.0 = Debug|Any CPU
		{05BFD0BD-1623-40DE-A929-A80C7DFBB8A9}.Release|Any CPU.ActiveCfg = Release|Any CPU
		{05BFD0BD-1623-40DE-A929-A80C7DFBB8A9}.Release|Any CPU.Build.0 = Release|Any CPU
		{1DE2BAB5-CF0F-169C-FEF5-D50B61FBC208}.Debug|Any CPU.ActiveCfg = Debug
		{1DE2BAB5-CF0F-169C-FEF5-D50B61FBC208}.Release|Any CPU.ActiveCfg = Release
		{1DE2BAB5-CF0F-169C-FEF5-D50B61FBC208}.Release|Any CPU.Build.0 = Release
	EndGlobalSection
	GlobalSection(SolutionProperties) = preSolution
		HideSolutionNode = FALSE
	EndGlobalSection
	GlobalSection(NestedProjects) = preSolution
		{40015AA0-D904-4C3E-A6B8-2383EF59A260} = {02EA681E-C7D8-13C7-8484-4AC65E1B71E8}
		{DE34BAEF-0C4B-43E3-9C9E-36288F04F9E1} = {02EA681E-C7D8-13C7-8484-4AC65E1B71E8}
		{92057856-1037-4D37-9B5C-88F1BCDF1BF0} = {02EA681E-C7D8-13C7-8484-4AC65E1B71E8}
		{DB954EFA-60A1-402E-9FC4-0DB706111EBD} = {02EA681E-C7D8-13C7-8484-4AC65E1B71E8}
		{AD4F0DD3-7B8C-4E02-8D10-F7AABC1D704D} = {02EA681E-C7D8-13C7-8484-4AC65E1B71E8}
		{05BFD0BD-1623-40DE-A929-A80C7DFBB8A9} = {02EA681E-C7D8-13C7-8484-4AC65E1B71E8}
		{1DE2BAB5-CF0F-169C-FEF5-D50B61FBC208} = {CADCA356-F28D-4537-8456-F0EFA74C028A}
	EndGlobalSection
	GlobalSection(ExtensibilityGlobals) = postSolution
		SolutionGuid = {8F0A4BE1-A0BA-4A9D-A3CC-7CDCE354F7B2}
	EndGlobalSection
EndGlobal
